
Microsoft Visual Studio Solution File, Format Version 12.00
Project("{FAE04EC0-301F-11D3-BF4B-00C04F79EFBC}") = "DropShot.API", "DropShot.API\DropShot.API.csproj", "{ADF57BA7-EAE9-4AA8-BAAD-DC6D75846FE5}"
EndProject
Project("{FAE04EC0-301F-11D3-BF4B-00C04F79EFBC}") = "DropShot.Application", "DropShot.Application\DropShot.Application.csproj", "{A3372190-1234-4EDF-8150-7779C789E242}"
EndProject
Project("{FAE04EC0-301F-11D3-BF4B-00C04F79EFBC}") = "DropShot.Infrastructure", "DropShot.Infrastructure\DropShot.Infrastructure.csproj", "{E19945F4-0144-440A-A6F9-5D0BBF0E725A}"
EndProject
Project("{FAE04EC0-301F-11D3-BF4B-00C04F79EFBC}") = "DropShot.Domain", "DropShot.Domain\DropShot.Domain.csproj", "{5DFAEA5F-956E-4B0E-8B03-AD5746F9FF5B}"
EndProject
Project("{2150E333-8FDC-42A3-9474-1A3956D46DE8}") = "tests", "tests", "{23B6D659-1C46-4F91-A823-82C2E409B793}"
EndProject
Project("{FAE04EC0-301F-11D3-BF4B-00C04F79EFBC}") = "DropShot.Application.UnitTests", "tests\DropShot.Application.UnitTests\DropShot.Application.UnitTests.csproj", "{E3E328DE-671F-4E79-92CD-B9D50C8C6898}"
EndProject
Project("{FAE04EC0-301F-11D3-BF4B-00C04F79EFBC}") = "DropShotApi.IntegrationTests", "tests\DropShotApi.IntegrationTests\DropShotApi.IntegrationTests.csproj", "{0D1A3AD8-20CF-4265-A6EC-5791F38AF01D}"
EndProject
Global
	GlobalSection(SolutionConfigurationPlatforms) = preSolution
		Debug|Any CPU = Debug|Any CPU
		Release|Any CPU = Release|Any CPU
	EndGlobalSection
	GlobalSection(ProjectConfigurationPlatforms) = postSolution
		{ADF57BA7-EAE9-4AA8-BAAD-DC6D75846FE5}.Debug|Any CPU.ActiveCfg = Debug|Any CPU
		{ADF57BA7-EAE9-4AA8-BAAD-DC6D75846FE5}.Debug|Any CPU.Build.0 = Debug|Any CPU
		{ADF57BA7-EAE9-4AA8-BAAD-DC6D75846FE5}.Release|Any CPU.ActiveCfg = Release|Any CPU
		{ADF57BA7-EAE9-4AA8-BAAD-DC6D75846FE5}.Release|Any CPU.Build.0 = Release|Any CPU
		{A3372190-1234-4EDF-8150-7779C789E242}.Debug|Any CPU.ActiveCfg = Debug|Any CPU
		{A3372190-1234-4EDF-8150-7779C789E242}.Debug|Any CPU.Build.0 = Debug|Any CPU
		{A3372190-1234-4EDF-8150-7779C789E242}.Release|Any CPU.ActiveCfg = Release|Any CPU
		{A3372190-1234-4EDF-8150-7779C789E242}.Release|Any CPU.Build.0 = Release|Any CPU
		{E19945F4-0144-440A-A6F9-5D0BBF0E725A}.Debug|Any CPU.ActiveCfg = Debug|Any CPU
		{E19945F4-0144-440A-A6F9-5D0BBF0E725A}.Debug|Any CPU.Build.0 = Debug|Any CPU
		{E19945F4-0144-440A-A6F9-5D0BBF0E725A}.Release|Any CPU.ActiveCfg = Release|Any CPU
		{E19945F4-0144-440A-A6F9-5D0BBF0E725A}.Release|Any CPU.Build.0 = Release|Any CPU
		{5DFAEA5F-956E-4B0E-8B03-AD5746F9FF5B}.Debug|Any CPU.ActiveCfg = Debug|Any CPU
		{5DFAEA5F-956E-4B0E-8B03-AD5746F9FF5B}.Debug|Any CPU.Build.0 = Debug|Any CPU
		{5DFAEA5F-956E-4B0E-8B03-AD5746F9FF5B}.Release|Any CPU.ActiveCfg = Release|Any CPU
		{5DFAEA5F-956E-4B0E-8B03-AD5746F9FF5B}.Release|Any CPU.Build.0 = Release|Any CPU
		{E3E328DE-671F-4E79-92CD-B9D50C8C6898}.Debug|Any CPU.ActiveCfg = Debug|Any CPU
		{E3E328DE-671F-4E79-92CD-B9D50C8C6898}.Debug|Any CPU.Build.0 = Debug|Any CPU
		{E3E328DE-671F-4E79-92CD-B9D50C8C6898}.Release|Any CPU.ActiveCfg = Release|Any CPU
		{E3E328DE-671F-4E79-92CD-B9D50C8C6898}.Release|Any CPU.Build.0 = Release|Any CPU
		{0D1A3AD8-20CF-4265-A6EC-5791F38AF01D}.Debug|Any CPU.ActiveCfg = Debug|Any CPU
		{0D1A3AD8-20CF-4265-A6EC-5791F38AF01D}.Debug|Any CPU.Build.0 = Debug|Any CPU
		{0D1A3AD8-20CF-4265-A6EC-5791F38AF01D}.Release|Any CPU.ActiveCfg = Release|Any CPU
		{0D1A3AD8-20CF-4265-A6EC-5791F38AF01D}.Release|Any CPU.Build.0 = Release|Any CPU
	EndGlobalSection
	GlobalSection(NestedProjects) = preSolution
		{E3E328DE-671F-4E79-92CD-B9D50C8C6898} = {23B6D659-1C46-4F91-A823-82C2E409B793}
		{0D1A3AD8-20CF-4265-A6EC-5791F38AF01D} = {23B6D659-1C46-4F91-A823-82C2E409B793}
	EndGlobalSection
EndGlobal
